
Microsoft Visual Studio Solution File, Format Version 12.00
# Visual Studio Version 16
VisualStudioVersion = 16.0.30804.86
MinimumVisualStudioVersion = 10.0.40219.1
Project("{FAE04EC0-301F-11D3-BF4B-00C04F79EFBC}") = "MatchesPlay", "MatchesPlay\MatchesPlay.csproj", "{C7869758-DD7D-40E2-937C-C8491D4419AA}"
EndProject
Global
	GlobalSection(SolutionConfigurationPlatforms) = preSolution
		Debug|Any CPU = Debug|Any CPU
		Release|Any CPU = Release|Any CPU
	EndGlobalSection
	GlobalSection(ProjectConfigurationPlatforms) = postSolution
		{C7869758-DD7D-40E2-937C-C8491D4419AA}.Debug|Any CPU.ActiveCfg = Debug|Any CPU
		{C7869758-DD7D-40E2-937C-C8491D4419AA}.Debug|Any CPU.Build.0 = Debug|Any CPU
		{C7869758-DD7D-40E2-937C-C8491D4419AA}.Release|Any CPU.ActiveCfg = Release|Any CPU
		{C7869758-DD7D-40E2-937C-C8491D4419AA}.Release|Any CPU.Build.0 = Release|Any CPU
	EndGlobalSection
	GlobalSection(SolutionProperties) = preSolution
		HideSolutionNode = FALSE
	EndGlobalSection
	GlobalSection(ExtensibilityGlobals) = postSolution
		SolutionGuid = {57964C5E-11BF-4AD0-BBFA-DDBC33B4CED3}
	EndGlobalSection
EndGlobal
